
Microsoft Visual Studio Solution File, Format Version 12.00
# Visual Studio 15
VisualStudioVersion = 15.0.28307.168
MinimumVisualStudioVersion = 10.0.40219.1
Project("{FAE04EC0-301F-11D3-BF4B-00C04F79EFBC}") = "Presentation.WebAPI", "src\Presentation.WebAPI\Presentation.WebAPI.csproj", "{99E65DF3-FC11-496C-A610-18B29154151B}"
EndProject
Global
	GlobalSection(SolutionConfigurationPlatforms) = preSolution
		Debug|Any CPU = Debug|Any CPU
		Release|Any CPU = Release|Any CPU
	EndGlobalSection
	GlobalSection(ProjectConfigurationPlatforms) = postSolution
		{99E65DF3-FC11-496C-A610-18B29154151B}.Debug|Any CPU.ActiveCfg = Debug|Any CPU
		{99E65DF3-FC11-496C-A610-18B29154151B}.Debug|Any CPU.Build.0 = Debug|Any CPU
		{99E65DF3-FC11-496C-A610-18B29154151B}.Release|Any CPU.ActiveCfg = Release|Any CPU
		{99E65DF3-FC11-496C-A610-18B29154151B}.Release|Any CPU.Build.0 = Release|Any CPU
	EndGlobalSection
	GlobalSection(SolutionProperties) = preSolution
		HideSolutionNode = FALSE
	EndGlobalSection
	GlobalSection(ExtensibilityGlobals) = postSolution
		SolutionGuid = {EAA4F065-217B-4179-85A7-549C28197560}
	EndGlobalSection
EndGlobal
